
Microsoft Visual Studio Solution File, Format Version 12.00
# Visual Studio Version 17
VisualStudioVersion = 17.7.34018.315
MinimumVisualStudioVersion = 10.0.40219.1
Project("{FAE04EC0-301F-11D3-BF4B-00C04F79EFBC}") = "EBill", "EBill\EBill.csproj", "{5F585BE2-7988-41A9-8BCD-E8DB3370CCAD}"
EndProject
Global
	GlobalSection(SolutionConfigurationPlatforms) = preSolution
		Debug|Any CPU = Debug|Any CPU
		Release|Any CPU = Release|Any CPU
	EndGlobalSection
	GlobalSection(ProjectConfigurationPlatforms) = postSolution
		{5F585BE2-7988-41A9-8BCD-E8DB3370CCAD}.Debug|Any CPU.ActiveCfg = Debug|Any CPU
		{5F585BE2-7988-41A9-8BCD-E8DB3370CCAD}.Debug|Any CPU.Build.0 = Debug|Any CPU
		{5F585BE2-7988-41A9-8BCD-E8DB3370CCAD}.Release|Any CPU.ActiveCfg = Release|Any CPU
		{5F585BE2-7988-41A9-8BCD-E8DB3370CCAD}.Release|Any CPU.Build.0 = Release|Any CPU
	EndGlobalSection
	GlobalSection(SolutionProperties) = preSolution
		HideSolutionNode = FALSE
	EndGlobalSection
	GlobalSection(ExtensibilityGlobals) = postSolution
		SolutionGuid = {2112903A-3152-445C-9010-E970886018A0}
	EndGlobalSection
EndGlobal
